
Microsoft Visual Studio Solution File, Format Version 12.00
# Visual Studio 15
Project("{9A19103F-16F7-4668-BE54-9A1E7A4F7556}") = "SayedHa.Commands", "SayedHa.Commands\SayedHa.Commands.csproj", "{A92FC531-E817-4E6F-97BC-E259A1B5406A}"
EndProject
Project("{9A19103F-16F7-4668-BE54-9A1E7A4F7556}") = "SayedHa.Commands.Shared", "SayedHa.Commands.Shared\SayedHa.Commands.Shared.csproj", "{CABD895B-6298-4150-8232-0CE3C998AD1C}"
EndProject
Project("{9A19103F-16F7-4668-BE54-9A1E7A4F7556}") = "SayedHa.Commands.Test", "SayedHa.Commands.Test\SayedHa.Commands.Test.csproj", "{5325C487-9C04-4568-9529-DF0DF2896C8B}"
EndProject
Global
	GlobalSection(SolutionConfigurationPlatforms) = preSolution
		Debug|Any CPU = Debug|Any CPU
		Release|Any CPU = Release|Any CPU
	EndGlobalSection
	GlobalSection(ProjectConfigurationPlatforms) = postSolution
		{A92FC531-E817-4E6F-97BC-E259A1B5406A}.Debug|Any CPU.ActiveCfg = Debug|Any CPU
		{A92FC531-E817-4E6F-97BC-E259A1B5406A}.Debug|Any CPU.Build.0 = Debug|Any CPU
		{A92FC531-E817-4E6F-97BC-E259A1B5406A}.Release|Any CPU.ActiveCfg = Release|Any CPU
		{A92FC531-E817-4E6F-97BC-E259A1B5406A}.Release|Any CPU.Build.0 = Release|Any CPU
		{CABD895B-6298-4150-8232-0CE3C998AD1C}.Debug|Any CPU.ActiveCfg = Debug|Any CPU
		{CABD895B-6298-4150-8232-0CE3C998AD1C}.Debug|Any CPU.Build.0 = Debug|Any CPU
		{CABD895B-6298-4150-8232-0CE3C998AD1C}.Release|Any CPU.ActiveCfg = Release|Any CPU
		{CABD895B-6298-4150-8232-0CE3C998AD1C}.Release|Any CPU.Build.0 = Release|Any CPU
		{5325C487-9C04-4568-9529-DF0DF2896C8B}.Debug|Any CPU.ActiveCfg = Debug|Any CPU
		{5325C487-9C04-4568-9529-DF0DF2896C8B}.Debug|Any CPU.Build.0 = Debug|Any CPU
		{5325C487-9C04-4568-9529-DF0DF2896C8B}.Release|Any CPU.ActiveCfg = Release|Any CPU
		{5325C487-9C04-4568-9529-DF0DF2896C8B}.Release|Any CPU.Build.0 = Release|Any CPU
	EndGlobalSection
	GlobalSection(MonoDevelopProperties) = preSolution
		Policies = $0
		$0.StandardHeader = $1
		$1.IncludeInNewFiles = False
	EndGlobalSection
EndGlobal
