
Microsoft Visual Studio Solution File, Format Version 12.00
# Visual Studio 15
Project("{FAE04EC0-301F-11D3-BF4B-00C04F79EFBC}") = "SayedHa.Commands", "SayedHa.Commands\SayedHa.Commands.csproj", "{FC0937D0-557F-4B45-AA7A-8E0DB7693776}"
EndProject
Global
	GlobalSection(SolutionConfigurationPlatforms) = preSolution
		Debug|Any CPU = Debug|Any CPU
		Release|Any CPU = Release|Any CPU
	EndGlobalSection
	GlobalSection(ProjectConfigurationPlatforms) = postSolution
		{FC0937D0-557F-4B45-AA7A-8E0DB7693776}.Debug|Any CPU.ActiveCfg = Debug|Any CPU
		{FC0937D0-557F-4B45-AA7A-8E0DB7693776}.Debug|Any CPU.Build.0 = Debug|Any CPU
		{FC0937D0-557F-4B45-AA7A-8E0DB7693776}.Release|Any CPU.ActiveCfg = Release|Any CPU
		{FC0937D0-557F-4B45-AA7A-8E0DB7693776}.Release|Any CPU.Build.0 = Release|Any CPU
	EndGlobalSection
EndGlobal
